
Microsoft Visual Studio Solution File, Format Version 12.00
# Visual Studio Version 16
VisualStudioVersion = 16.0.29503.13
MinimumVisualStudioVersion = 10.0.40219.1
Project("{FAE04EC0-301F-11D3-BF4B-00C04F79EFBC}") = "Task001", "Task001\Task001.csproj", "{7E5BA2F9-3AAF-42C4-9E0C-25CC99E6EDB2}"
EndProject
Project("{FAE04EC0-301F-11D3-BF4B-00C04F79EFBC}") = "Task002", "Task002\Task002.csproj", "{663FA8B0-B3B3-427A-B70D-352DB457B9A5}"
EndProject
Project("{FAE04EC0-301F-11D3-BF4B-00C04F79EFBC}") = "Task003", "Task003\Task003.csproj", "{06EC060B-3A53-4D5F-BFB6-96C67B3EB558}"
EndProject
Project("{FAE04EC0-301F-11D3-BF4B-00C04F79EFBC}") = "Task004", "Task004\Task004.csproj", "{CAC1BFE3-9BA2-41C9-BB71-B1F6D2B61738}"
EndProject
Project("{FAE04EC0-301F-11D3-BF4B-00C04F79EFBC}") = "Task005", "Task005\Task005.csproj", "{6DAA802C-B6E1-4121-AD80-5F3225260D68}"
EndProject
Project("{FAE04EC0-301F-11D3-BF4B-00C04F79EFBC}") = "Task006", "Task006\Task006.csproj", "{F8892080-FED0-40C3-8516-60CB7071D4E0}"
EndProject
Project("{FAE04EC0-301F-11D3-BF4B-00C04F79EFBC}") = "Task007", "Task007\Task007.csproj", "{C5965E59-E832-4534-ADA3-D41D80A43FE4}"
EndProject
Project("{FAE04EC0-301F-11D3-BF4B-00C04F79EFBC}") = "Task008", "Task008\Task008.csproj", "{687A38C8-3FCF-466B-B5CC-6CC1AFB03833}"
EndProject
Project("{FAE04EC0-301F-11D3-BF4B-00C04F79EFBC}") = "Task009", "Task009\Task009.csproj", "{BE827CB1-150E-4196-8BFF-27E2776A6587}"
EndProject
Project("{FAE04EC0-301F-11D3-BF4B-00C04F79EFBC}") = "Task010", "Task010\Task010.csproj", "{4D07969E-860B-45DA-AE37-48C538161526}"
EndProject
Global
	GlobalSection(SolutionConfigurationPlatforms) = preSolution
		Debug|Any CPU = Debug|Any CPU
		Release|Any CPU = Release|Any CPU
	EndGlobalSection
	GlobalSection(ProjectConfigurationPlatforms) = postSolution
		{7E5BA2F9-3AAF-42C4-9E0C-25CC99E6EDB2}.Debug|Any CPU.ActiveCfg = Debug|Any CPU
		{7E5BA2F9-3AAF-42C4-9E0C-25CC99E6EDB2}.Debug|Any CPU.Build.0 = Debug|Any CPU
		{7E5BA2F9-3AAF-42C4-9E0C-25CC99E6EDB2}.Release|Any CPU.ActiveCfg = Release|Any CPU
		{7E5BA2F9-3AAF-42C4-9E0C-25CC99E6EDB2}.Release|Any CPU.Build.0 = Release|Any CPU
		{663FA8B0-B3B3-427A-B70D-352DB457B9A5}.Debug|Any CPU.ActiveCfg = Debug|Any CPU
		{663FA8B0-B3B3-427A-B70D-352DB457B9A5}.Debug|Any CPU.Build.0 = Debug|Any CPU
		{663FA8B0-B3B3-427A-B70D-352DB457B9A5}.Release|Any CPU.ActiveCfg = Release|Any CPU
		{663FA8B0-B3B3-427A-B70D-352DB457B9A5}.Release|Any CPU.Build.0 = Release|Any CPU
		{06EC060B-3A53-4D5F-BFB6-96C67B3EB558}.Debug|Any CPU.ActiveCfg = Debug|Any CPU
		{06EC060B-3A53-4D5F-BFB6-96C67B3EB558}.Debug|Any CPU.Build.0 = Debug|Any CPU
		{06EC060B-3A53-4D5F-BFB6-96C67B3EB558}.Release|Any CPU.ActiveCfg = Release|Any CPU
		{06EC060B-3A53-4D5F-BFB6-96C67B3EB558}.Release|Any CPU.Build.0 = Release|Any CPU
		{CAC1BFE3-9BA2-41C9-BB71-B1F6D2B61738}.Debug|Any CPU.ActiveCfg = Debug|Any CPU
		{CAC1BFE3-9BA2-41C9-BB71-B1F6D2B61738}.Debug|Any CPU.Build.0 = Debug|Any CPU
		{CAC1BFE3-9BA2-41C9-BB71-B1F6D2B61738}.Release|Any CPU.ActiveCfg = Release|Any CPU
		{CAC1BFE3-9BA2-41C9-BB71-B1F6D2B61738}.Release|Any CPU.Build.0 = Release|Any CPU
		{6DAA802C-B6E1-4121-AD80-5F3225260D68}.Debug|Any CPU.ActiveCfg = Debug|Any CPU
		{6DAA802C-B6E1-4121-AD80-5F3225260D68}.Debug|Any CPU.Build.0 = Debug|Any CPU
		{6DAA802C-B6E1-4121-AD80-5F3225260D68}.Release|Any CPU.ActiveCfg = Release|Any CPU
		{6DAA802C-B6E1-4121-AD80-5F3225260D68}.Release|Any CPU.Build.0 = Release|Any CPU
		{F8892080-FED0-40C3-8516-60CB7071D4E0}.Debug|Any CPU.ActiveCfg = Debug|Any CPU
		{F8892080-FED0-40C3-8516-60CB7071D4E0}.Debug|Any CPU.Build.0 = Debug|Any CPU
		{F8892080-FED0-40C3-8516-60CB7071D4E0}.Release|Any CPU.ActiveCfg = Release|Any CPU
		{F8892080-FED0-40C3-8516-60CB7071D4E0}.Release|Any CPU.Build.0 = Release|Any CPU
		{C5965E59-E832-4534-ADA3-D41D80A43FE4}.Debug|Any CPU.ActiveCfg = Debug|Any CPU
		{C5965E59-E832-4534-ADA3-D41D80A43FE4}.Debug|Any CPU.Build.0 = Debug|Any CPU
		{C5965E59-E832-4534-ADA3-D41D80A43FE4}.Release|Any CPU.ActiveCfg = Release|Any CPU
		{C5965E59-E832-4534-ADA3-D41D80A43FE4}.Release|Any CPU.Build.0 = Release|Any CPU
		{687A38C8-3FCF-466B-B5CC-6CC1AFB03833}.Debug|Any CPU.ActiveCfg = Debug|Any CPU
		{687A38C8-3FCF-466B-B5CC-6CC1AFB03833}.Debug|Any CPU.Build.0 = Debug|Any CPU
		{687A38C8-3FCF-466B-B5CC-6CC1AFB03833}.Release|Any CPU.ActiveCfg = Release|Any CPU
		{687A38C8-3FCF-466B-B5CC-6CC1AFB03833}.Release|Any CPU.Build.0 = Release|Any CPU
		{BE827CB1-150E-4196-8BFF-27E2776A6587}.Debug|Any CPU.ActiveCfg = Debug|Any CPU
		{BE827CB1-150E-4196-8BFF-27E2776A6587}.Debug|Any CPU.Build.0 = Debug|Any CPU
		{BE827CB1-150E-4196-8BFF-27E2776A6587}.Release|Any CPU.ActiveCfg = Release|Any CPU
		{BE827CB1-150E-4196-8BFF-27E2776A6587}.Release|Any CPU.Build.0 = Release|Any CPU
		{4D07969E-860B-45DA-AE37-48C538161526}.Debug|Any CPU.ActiveCfg = Debug|Any CPU
		{4D07969E-860B-45DA-AE37-48C538161526}.Debug|Any CPU.Build.0 = Debug|Any CPU
		{4D07969E-860B-45DA-AE37-48C538161526}.Release|Any CPU.ActiveCfg = Release|Any CPU
		{4D07969E-860B-45DA-AE37-48C538161526}.Release|Any CPU.Build.0 = Release|Any CPU
	EndGlobalSection
	GlobalSection(SolutionProperties) = preSolution
		HideSolutionNode = FALSE
	EndGlobalSection
	GlobalSection(ExtensibilityGlobals) = postSolution
		SolutionGuid = {74195710-EBED-4BC7-8AEE-930C469A4890}
	EndGlobalSection
EndGlobal
